// !$*UTF8*$!
{
	archiveVersion = 1;
	classes = {
	};
	objectVersion = 46;
	objects = {

/* Begin PBXBuildFile section */
		ACFE90141C6E89A5006BCB5F /* AppDelegate.swift in Sources */ = {isa = PBXBuildFile; fileRef = ACFE90131C6E89A5006BCB5F /* AppDelegate.swift */; };
		ACFE90161C6E89A5006BCB5F /* GameScene.sks in Resources */ = {isa = PBXBuildFile; fileRef = ACFE90151C6E89A5006BCB5F /* GameScene.sks */; };
		ACFE90181C6E89A5006BCB5F /* GameScene.swift in Sources */ = {isa = PBXBuildFile; fileRef = ACFE90171C6E89A5006BCB5F /* GameScene.swift */; };
		ACFE901A1C6E89A5006BCB5F /* GameViewController.swift in Sources */ = {isa = PBXBuildFile; fileRef = ACFE90191C6E89A5006BCB5F /* GameViewController.swift */; };
		ACFE901D1C6E89A5006BCB5F /* Main.storyboard in Resources */ = {isa = PBXBuildFile; fileRef = ACFE901B1C6E89A5006BCB5F /* Main.storyboard */; };
		ACFE901F1C6E89A5006BCB5F /* Assets.xcassets in Resources */ = {isa = PBXBuildFile; fileRef = ACFE901E1C6E89A5006BCB5F /* Assets.xcassets */; };
		ACFE90221C6E89A5006BCB5F /* LaunchScreen.storyboard in Resources */ = {isa = PBXBuildFile; fileRef = ACFE90201C6E89A5006BCB5F /* LaunchScreen.storyboard */; };
		ACFE902D1C6E89A5006BCB5F /* GameV_01Tests.swift in Sources */ = {isa = PBXBuildFile; fileRef = ACFE902C1C6E89A5006BCB5F /* GameV_01Tests.swift */; };
		ACFE90381C6E89A5006BCB5F /* GameV_01UITests.swift in Sources */ = {isa = PBXBuildFile; fileRef = ACFE90371C6E89A5006BCB5F /* GameV_01UITests.swift */; };
/* End PBXBuildFile section */

/* Begin PBXContainerItemProxy section */
		ACFE90291C6E89A5006BCB5F /* PBXContainerItemProxy */ = {
			isa = PBXContainerItemProxy;
			containerPortal = ACFE90081C6E89A5006BCB5F /* Project object */;
			proxyType = 1;
			remoteGlobalIDString = ACFE900F1C6E89A5006BCB5F;
			remoteInfo = GameV.01;
		};
		ACFE90341C6E89A5006BCB5F /* PBXContainerItemProxy */ = {
			isa = PBXContainerItemProxy;
			containerPortal = ACFE90081C6E89A5006BCB5F /* Project object */;
			proxyType = 1;
			remoteGlobalIDString = ACFE900F1C6E89A5006BCB5F;
			remoteInfo = GameV.01;
		};
/* End PBXContainerItemProxy section */

/* Begin PBXFileReference section */
		ACFE90101C6E89A5006BCB5F /* GameV.01.app */ = {isa = PBXFileReference; explicitFileType = wrapper.application; includeInIndex = 0; path = GameV.01.app; sourceTree = BUILT_PRODUCTS_DIR; };
		ACFE90131C6E89A5006BCB5F /* AppDelegate.swift */ = {isa = PBXFileReference; lastKnownFileType = sourcecode.swift; path = AppDelegate.swift; sourceTree = "<group>"; };
		ACFE90151C6E89A5006BCB5F /* GameScene.sks */ = {isa = PBXFileReference; lastKnownFileType = file.sks; path = GameScene.sks; sourceTree = "<group>"; };
		ACFE90171C6E89A5006BCB5F /* GameScene.swift */ = {isa = PBXFileReference; lastKnownFileType = sourcecode.swift; path = GameScene.swift; sourceTree = "<group>"; };
		ACFE90191C6E89A5006BCB5F /* GameViewController.swift */ = {isa = PBXFileReference; lastKnownFileType = sourcecode.swift; path = GameViewController.swift; sourceTree = "<group>"; };
		ACFE901C1C6E89A5006BCB5F /* Base */ = {isa = PBXFileReference; lastKnownFileType = file.storyboard; name = Base; path = Base.lproj/Main.storyboard; sourceTree = "<group>"; };
		ACFE901E1C6E89A5006BCB5F /* Assets.xcassets */ = {isa = PBXFileReference; lastKnownFileType = folder.assetcatalog; path = Assets.xcassets; sourceTree = "<group>"; };
		ACFE90211C6E89A5006BCB5F /* Base */ = {isa = PBXFileReference; lastKnownFileType = file.storyboard; name = Base; path = Base.lproj/LaunchScreen.storyboard; sourceTree = "<group>"; };
		ACFE90231C6E89A5006BCB5F /* Info.plist */ = {isa = PBXFileReference; lastKnownFileType = text.plist.xml; path = Info.plist; sourceTree = "<group>"; };
		ACFE90281C6E89A5006BCB5F /* GameV.01Tests.xctest */ = {isa = PBXFileReference; explicitFileType = wrapper.cfbundle; includeInIndex = 0; path = GameV.01Tests.xctest; sourceTree = BUILT_PRODUCTS_DIR; };
		ACFE902C1C6E89A5006BCB5F /* GameV_01Tests.swift */ = {isa = PBXFileReference; lastKnownFileType = sourcecode.swift; path = GameV_01Tests.swift; sourceTree = "<group>"; };
		ACFE902E1C6E89A5006BCB5F /* Info.plist */ = {isa = PBXFileReference; lastKnownFileType = text.plist.xml; path = Info.plist; sourceTree = "<group>"; };
		ACFE90331C6E89A5006BCB5F /* GameV.01UITests.xctest */ = {isa = PBXFileReference; explicitFileType = wrapper.cfbundle; includeInIndex = 0; path = GameV.01UITests.xctest; sourceTree = BUILT_PRODUCTS_DIR; };
		ACFE90371C6E89A5006BCB5F /* GameV_01UITests.swift */ = {isa = PBXFileReference; lastKnownFileType = sourcecode.swift; path = GameV_01UITests.swift; sourceTree = "<group>"; };
		ACFE90391C6E89A5006BCB5F /* Info.plist */ = {isa = PBXFileReference; lastKnownFileType = text.plist.xml; path = Info.plist; sourceTree = "<group>"; };
/* End PBXFileReference section */

/* Begin PBXFrameworksBuildPhase section */
		ACFE900D1C6E89A5006BCB5F /* Frameworks */ = {
			isa = PBXFrameworksBuildPhase;
			buildActionMask = 2147483647;
			files = (
			);
			runOnlyForDeploymentPostprocessing = 0;
		};
		ACFE90251C6E89A5006BCB5F /* Frameworks */ = {
			isa = PBXFrameworksBuildPhase;
			buildActionMask = 2147483647;
			files = (
			);
			runOnlyForDeploymentPostprocessing = 0;
		};
		ACFE90301C6E89A5006BCB5F /* Frameworks */ = {
			isa = PBXFrameworksBuildPhase;
			buildActionMask = 2147483647;
			files = (
			);
			runOnlyForDeploymentPostprocessing = 0;
		};
/* End PBXFrameworksBuildPhase section */

/* Begin PBXGroup section */
		ACFE90071C6E89A5006BCB5F = {
			isa = PBXGroup;
			children = (
				ACFE90121C6E89A5006BCB5F /* GameV.01 */,
				ACFE902B1C6E89A5006BCB5F /* GameV.01Tests */,
				ACFE90361C6E89A5006BCB5F /* GameV.01UITests */,
				ACFE90111C6E89A5006BCB5F /* Products */,
			);
			sourceTree = "<group>";
		};
		ACFE90111C6E89A5006BCB5F /* Products */ = {
			isa = PBXGroup;
			children = (
				ACFE90101C6E89A5006BCB5F /* GameV.01.app */,
				ACFE90281C6E89A5006BCB5F /* GameV.01Tests.xctest */,
				ACFE90331C6E89A5006BCB5F /* GameV.01UITests.xctest */,
			);
			name = Products;
			sourceTree = "<group>";
		};
		ACFE90121C6E89A5006BCB5F /* GameV.01 */ = {
			isa = PBXGroup;
			children = (
				ACFE90131C6E89A5006BCB5F /* AppDelegate.swift */,
				ACFE90151C6E89A5006BCB5F /* GameScene.sks */,
				ACFE90171C6E89A5006BCB5F /* GameScene.swift */,
				ACFE90191C6E89A5006BCB5F /* GameViewController.swift */,
				ACFE901B1C6E89A5006BCB5F /* Main.storyboard */,
				ACFE901E1C6E89A5006BCB5F /* Assets.xcassets */,
				ACFE90201C6E89A5006BCB5F /* LaunchScreen.storyboard */,
				ACFE90231C6E89A5006BCB5F /* Info.plist */,
			);
			path = GameV.01;
			sourceTree = "<group>";
		};
		ACFE902B1C6E89A5006BCB5F /* GameV.01Tests */ = {
			isa = PBXGroup;
			children = (
				ACFE902C1C6E89A5006BCB5F /* GameV_01Tests.swift */,
				ACFE902E1C6E89A5006BCB5F /* Info.plist */,
			);
			path = GameV.01Tests;
			sourceTree = "<group>";
		};
		ACFE90361C6E89A5006BCB5F /* GameV.01UITests */ = {
			isa = PBXGroup;
			children = (
				ACFE90371C6E89A5006BCB5F /* GameV_01UITests.swift */,
				ACFE90391C6E89A5006BCB5F /* Info.plist */,
			);
			path = GameV.01UITests;
			sourceTree = "<group>";
		};
/* End PBXGroup section */

/* Begin PBXNativeTarget section */
		ACFE900F1C6E89A5006BCB5F /* GameV.01 */ = {
			isa = PBXNativeTarget;
			buildConfigurationList = ACFE903C1C6E89A5006BCB5F /* Build configuration list for PBXNativeTarget "GameV.01" */;
			buildPhases = (
				ACFE900C1C6E89A5006BCB5F /* Sources */,
				ACFE900D1C6E89A5006BCB5F /* Frameworks */,
				ACFE900E1C6E89A5006BCB5F /* Resources */,
			);
			buildRules = (
			);
			dependencies = (
			);
			name = GameV.01;
			productName = GameV.01;
			productReference = ACFE90101C6E89A5006BCB5F /* GameV.01.app */;
			productType = "com.apple.product-type.application";
		};
		ACFE90271C6E89A5006BCB5F /* GameV.01Tests */ = {
			isa = PBXNativeTarget;
			buildConfigurationList = ACFE903F1C6E89A5006BCB5F /* Build configuration list for PBXNativeTarget "GameV.01Tests" */;
			buildPhases = (
				ACFE90241C6E89A5006BCB5F /* Sources */,
				ACFE90251C6E89A5006BCB5F /* Frameworks */,
				ACFE90261C6E89A5006BCB5F /* Resources */,
			);
			buildRules = (
			);
			dependencies = (
				ACFE902A1C6E89A5006BCB5F /* PBXTargetDependency */,
			);
			name = GameV.01Tests;
			productName = GameV.01Tests;
			productReference = ACFE90281C6E89A5006BCB5F /* GameV.01Tests.xctest */;
			productType = "com.apple.product-type.bundle.unit-test";
		};
		ACFE90321C6E89A5006BCB5F /* GameV.01UITests */ = {
			isa = PBXNativeTarget;
			buildConfigurationList = ACFE90421C6E89A5006BCB5F /* Build configuration list for PBXNativeTarget "GameV.01UITests" */;
			buildPhases = (
				ACFE902F1C6E89A5006BCB5F /* Sources */,
				ACFE90301C6E89A5006BCB5F /* Frameworks */,
				ACFE90311C6E89A5006BCB5F /* Resources */,
			);
			buildRules = (
			);
			dependencies = (
				ACFE90351C6E89A5006BCB5F /* PBXTargetDependency */,
			);
			name = GameV.01UITests;
			productName = GameV.01UITests;
			productReference = ACFE90331C6E89A5006BCB5F /* GameV.01UITests.xctest */;
			productType = "com.apple.product-type.bundle.ui-testing";
		};
/* End PBXNativeTarget section */

/* Begin PBXProject section */
		ACFE90081C6E89A5006BCB5F /* Project object */ = {
			isa = PBXProject;
			attributes = {
				LastSwiftUpdateCheck = 0720;
				LastUpgradeCheck = 0720;
				ORGANIZATIONNAME = "Vikram Mahendru";
				TargetAttributes = {
					ACFE900F1C6E89A5006BCB5F = {
						CreatedOnToolsVersion = 7.2.1;
						DevelopmentTeam = 32RECNCBSA;
					};
					ACFE90271C6E89A5006BCB5F = {
						CreatedOnToolsVersion = 7.2.1;
						DevelopmentTeam = 32RECNCBSA;
						TestTargetID = ACFE900F1C6E89A5006BCB5F;
					};
					ACFE90321C6E89A5006BCB5F = {
						CreatedOnToolsVersion = 7.2.1;
						DevelopmentTeam = 32RECNCBSA;
						TestTargetID = ACFE900F1C6E89A5006BCB5F;
					};
				};
			};
			buildConfigurationList = ACFE900B1C6E89A5006BCB5F /* Build configuration list for PBXProject "GameV.01" */;
			compatibilityVersion = "Xcode 3.2";
			developmentRegion = English;
			hasScannedForEncodings = 0;
			knownRegions = (
				en,
				Base,
			);
			mainGroup = ACFE90071C6E89A5006BCB5F;
			productRefGroup = ACFE90111C6E89A5006BCB5F /* Products */;
			projectDirPath = "";
			projectRoot = "";
			targets = (
				ACFE900F1C6E89A5006BCB5F /* GameV.01 */,
				ACFE90271C6E89A5006BCB5F /* GameV.01Tests */,
				ACFE90321C6E89A5006BCB5F /* GameV.01UITests */,
			);
		};
/* End PBXProject section */

/* Begin PBXResourcesBuildPhase section */
		ACFE900E1C6E89A5006BCB5F /* Resources */ = {
			isa = PBXResourcesBuildPhase;
			buildActionMask = 2147483647;
			files = (
				ACFE90161C6E89A5006BCB5F /* GameScene.sks in Resources */,
				ACFE90221C6E89A5006BCB5F /* LaunchScreen.storyboard in Resources */,
				ACFE901F1C6E89A5006BCB5F /* Assets.xcassets in Resources */,
				ACFE901D1C6E89A5006BCB5F /* Main.storyboard in Resources */,
			);
			runOnlyForDeploymentPostprocessing = 0;
		};
		ACFE90261C6E89A5006BCB5F /* Resources */ = {
			isa = PBXResourcesBuildPhase;
			buildActionMask = 2147483647;
			files = (
			);
			runOnlyForDeploymentPostprocessing = 0;
		};
		ACFE90311C6E89A5006BCB5F /* Resources */ = {
			isa = PBXResourcesBuildPhase;
			buildActionMask = 2147483647;
			files = (
			);
			runOnlyForDeploymentPostprocessing = 0;
		};
/* End PBXResourcesBuildPhase section */

/* Begin PBXSourcesBuildPhase section */
		ACFE900C1C6E89A5006BCB5F /* Sources */ = {
			isa = PBXSourcesBuildPhase;
			buildActionMask = 2147483647;
			files = (
				ACFE90181C6E89A5006BCB5F /* GameScene.swift in Sources */,
				ACFE901A1C6E89A5006BCB5F /* GameViewController.swift in Sources */,
				ACFE90141C6E89A5006BCB5F /* AppDelegate.swift in Sources */,
			);
			runOnlyForDeploymentPostprocessing = 0;
		};
		ACFE90241C6E89A5006BCB5F /* Sources */ = {
			isa = PBXSourcesBuildPhase;
			buildActionMask = 2147483647;
			files = (
				ACFE902D1C6E89A5006BCB5F /* GameV_01Tests.swift in Sources */,
			);
			runOnlyForDeploymentPostprocessing = 0;
		};
		ACFE902F1C6E89A5006BCB5F /* Sources */ = {
			isa = PBXSourcesBuildPhase;
			buildActionMask = 2147483647;
			files = (
				ACFE90381C6E89A5006BCB5F /* GameV_01UITests.swift in Sources */,
			);
			runOnlyForDeploymentPostprocessing = 0;
		};
/* End PBXSourcesBuildPhase section */

/* Begin PBXTargetDependency section */
		ACFE902A1C6E89A5006BCB5F /* PBXTargetDependency */ = {
			isa = PBXTargetDependency;
			target = ACFE900F1C6E89A5006BCB5F /* GameV.01 */;
			targetProxy = ACFE90291C6E89A5006BCB5F /* PBXContainerItemProxy */;
		};
		ACFE90351C6E89A5006BCB5F /* PBXTargetDependency */ = {
			isa = PBXTargetDependency;
			target = ACFE900F1C6E89A5006BCB5F /* GameV.01 */;
			targetProxy = ACFE90341C6E89A5006BCB5F /* PBXContainerItemProxy */;
		};
/* End PBXTargetDependency section */

/* Begin PBXVariantGroup section */
		ACFE901B1C6E89A5006BCB5F /* Main.storyboard */ = {
			isa = PBXVariantGroup;
			children = (
				ACFE901C1C6E89A5006BCB5F /* Base */,
			);
			name = Main.storyboard;
			sourceTree = "<group>";
		};
		ACFE90201C6E89A5006BCB5F /* LaunchScreen.storyboard */ = {
			isa = PBXVariantGroup;
			children = (
				ACFE90211C6E89A5006BCB5F /* Base */,
			);
			name = LaunchScreen.storyboard;
			sourceTree = "<group>";
		};
/* End PBXVariantGroup section */

/* Begin XCBuildConfiguration section */
		ACFE903A1C6E89A5006BCB5F /* Debug */ = {
			isa = XCBuildConfiguration;
			buildSettings = {
				ALWAYS_SEARCH_USER_PATHS = NO;
				CLANG_CXX_LANGUAGE_STANDARD = "gnu++0x";
				CLANG_CXX_LIBRARY = "libc++";
				CLANG_ENABLE_MODULES = YES;
				CLANG_ENABLE_OBJC_ARC = YES;
				CLANG_WARN_BOOL_CONVERSION = YES;
				CLANG_WARN_CONSTANT_CONVERSION = YES;
				CLANG_WARN_DIRECT_OBJC_ISA_USAGE = YES_ERROR;
				CLANG_WARN_EMPTY_BODY = YES;
				CLANG_WARN_ENUM_CONVERSION = YES;
				CLANG_WARN_INT_CONVERSION = YES;
				CLANG_WARN_OBJC_ROOT_CLASS = YES_ERROR;
				CLANG_WARN_UNREACHABLE_CODE = YES;
				CLANG_WARN__DUPLICATE_METHOD_MATCH = YES;
				"CODE_SIGN_IDENTITY[sdk=iphoneos*]" = "iPhone Developer";
				COPY_PHASE_STRIP = NO;
				DEBUG_INFORMATION_FORMAT = "dwarf-with-dsym";
				ENABLE_STRICT_OBJC_MSGSEND = YES;
				ENABLE_TESTABILITY = YES;
				GCC_C_LANGUAGE_STANDARD = gnu99;
				GCC_DYNAMIC_NO_PIC = NO;
				GCC_NO_COMMON_BLOCKS = YES;
				GCC_OPTIMIZATION_LEVEL = 0;
				GCC_PREPROCESSOR_DEFINITIONS = (
					"DEBUG=1",
					"$(inherited)",
				);
				GCC_WARN_64_TO_32_BIT_CONVERSION = YES;
				GCC_WARN_ABOUT_RETURN_TYPE = YES_ERROR;
				GCC_WARN_UNDECLARED_SELECTOR = YES;
				GCC_WARN_UNINITIALIZED_AUTOS = YES_AGGRESSIVE;
				GCC_WARN_UNUSED_FUNCTION = YES;
				GCC_WARN_UNUSED_VARIABLE = YES;
				IPHONEOS_DEPLOYMENT_TARGET = 9.2;
				MTL_ENABLE_DEBUG_INFO = YES;
				ONLY_ACTIVE_ARCH = YES;
				SDKROOT = iphoneos;
				SWIFT_OPTIMIZATION_LEVEL = "-Onone";
			};
			name = Debug;
		};
		ACFE903B1C6E89A5006BCB5F /* Release */ = {
			isa = XCBuildConfiguration;
			buildSettings = {
				ALWAYS_SEARCH_USER_PATHS = NO;
				CLANG_CXX_LANGUAGE_STANDARD = "gnu++0x";
				CLANG_CXX_LIBRARY = "libc++";
				CLANG_ENABLE_MODULES = YES;
				CLANG_ENABLE_OBJC_ARC = YES;
				CLANG_WARN_BOOL_CONVERSION = YES;
				CLANG_WARN_CONSTANT_CONVERSION = YES;
				CLANG_WARN_DIRECT_OBJC_ISA_USAGE = YES_ERROR;
				CLANG_WARN_EMPTY_BODY = YES;
				CLANG_WARN_ENUM_CONVERSION = YES;
				CLANG_WARN_INT_CONVERSION = YES;
				CLANG_WARN_OBJC_ROOT_CLASS = YES_ERROR;
				CLANG_WARN_UNREACHABLE_CODE = YES;
				CLANG_WARN__DUPLICATE_METHOD_MATCH = YES;
				"CODE_SIGN_IDENTITY[sdk=iphoneos*]" = "iPhone Developer";
				COPY_PHASE_STRIP = NO;
				DEBUG_INFORMATION_FORMAT = "dwarf-with-dsym";
				ENABLE_NS_ASSERTIONS = NO;
				ENABLE_STRICT_OBJC_MSGSEND = YES;
				GCC_C_LANGUAGE_STANDARD = gnu99;
				GCC_NO_COMMON_BLOCKS = YES;
				GCC_WARN_64_TO_32_BIT_CONVERSION = YES;
				GCC_WARN_ABOUT_RETURN_TYPE = YES_ERROR;
				GCC_WARN_UNDECLARED_SELECTOR = YES;
				GCC_WARN_UNINITIALIZED_AUTOS = YES_AGGRESSIVE;
				GCC_WARN_UNUSED_FUNCTION = YES;
				GCC_WARN_UNUSED_VARIABLE = YES;
				IPHONEOS_DEPLOYMENT_TARGET = 9.2;
				MTL_ENABLE_DEBUG_INFO = NO;
				SDKROOT = iphoneos;
				VALIDATE_PRODUCT = YES;
			};
			name = Release;
		};
		ACFE903D1C6E89A5006BCB5F /* Debug */ = {
			isa = XCBuildConfiguration;
			buildSettings = {
				ASSETCATALOG_COMPILER_APPICON_NAME = AppIcon;
				INFOPLIST_FILE = GameV.01/Info.plist;
				LD_RUNPATH_SEARCH_PATHS = "$(inherited) @executable_path/Frameworks";
				PRODUCT_BUNDLE_IDENTIFIER = "VIK.GameV-01";
				PRODUCT_NAME = "$(TARGET_NAME)";
			};
			name = Debug;
		};
		ACFE903E1C6E89A5006BCB5F /* Release */ = {
			isa = XCBuildConfiguration;
			buildSettings = {
				ASSETCATALOG_COMPILER_APPICON_NAME = AppIcon;
				INFOPLIST_FILE = GameV.01/Info.plist;
				LD_RUNPATH_SEARCH_PATHS = "$(inherited) @executable_path/Frameworks";
				PRODUCT_BUNDLE_IDENTIFIER = "VIK.GameV-01";
				PRODUCT_NAME = "$(TARGET_NAME)";
			};
			name = Release;
		};
		ACFE90401C6E89A5006BCB5F /* Debug */ = {
			isa = XCBuildConfiguration;
			buildSettings = {
				BUNDLE_LOADER = "$(TEST_HOST)";
				DEBUG_INFORMATION_FORMAT = dwarf;
				INFOPLIST_FILE = GameV.01Tests/Info.plist;
				LD_RUNPATH_SEARCH_PATHS = "$(inherited) @executable_path/Frameworks @loader_path/Frameworks";
				PRODUCT_BUNDLE_IDENTIFIER = "VIK.GameV-01Tests";
				PRODUCT_NAME = "$(TARGET_NAME)";
				TEST_HOST = "$(BUILT_PRODUCTS_DIR)/GameV.01.app/GameV.01";
			};
			name = Debug;
		};
		ACFE90411C6E89A5006BCB5F /* Release */ = {
			isa = XCBuildConfiguration;
			buildSettings = {
				BUNDLE_LOADER = "$(TEST_HOST)";
				INFOPLIST_FILE = GameV.01Tests/Info.plist;
				LD_RUNPATH_SEARCH_PATHS = "$(inherited) @executable_path/Frameworks @loader_path/Frameworks";
				PRODUCT_BUNDLE_IDENTIFIER = "VIK.GameV-01Tests";
				PRODUCT_NAME = "$(TARGET_NAME)";
				TEST_HOST = "$(BUILT_PRODUCTS_DIR)/GameV.01.app/GameV.01";
			};
			name = Release;
		};
		ACFE90431C6E89A5006BCB5F /* Debug */ = {
			isa = XCBuildConfiguration;
			buildSettings = {
				DEBUG_INFORMATION_FORMAT = dwarf;
				INFOPLIST_FILE = GameV.01UITests/Info.plist;
				LD_RUNPATH_SEARCH_PATHS = "$(inherited) @executable_path/Frameworks @loader_path/Frameworks";
				PRODUCT_BUNDLE_IDENTIFIER = "VIK.GameV-01UITests";
				PRODUCT_NAME = "$(TARGET_NAME)";
				TEST_TARGET_NAME = GameV.01;
				USES_XCTRUNNER = YES;
			};
			name = Debug;
		};
		ACFE90441C6E89A5006BCB5F /* Release */ = {
			isa = XCBuildConfiguration;
			buildSettings = {
				INFOPLIST_FILE = GameV.01UITests/Info.plist;
				LD_RUNPATH_SEARCH_PATHS = "$(inherited) @executable_path/Frameworks @loader_path/Frameworks";
				PRODUCT_BUNDLE_IDENTIFIER = "VIK.GameV-01UITests";
				PRODUCT_NAME = "$(TARGET_NAME)";
				TEST_TARGET_NAME = GameV.01;
				USES_XCTRUNNER = YES;
			};
			name = Release;
		};
/* End XCBuildConfiguration section */

/* Begin XCConfigurationList section */
		ACFE900B1C6E89A5006BCB5F /* Build configuration list for PBXProject "GameV.01" */ = {
			isa = XCConfigurationList;
			buildConfigurations = (
				ACFE903A1C6E89A5006BCB5F /* Debug */,
				ACFE903B1C6E89A5006BCB5F /* Release */,
			);
			defaultConfigurationIsVisible = 0;
			defaultConfigurationName = Release;
		};
		ACFE903C1C6E89A5006BCB5F /* Build configuration list for PBXNativeTarget "GameV.01" */ = {
			isa = XCConfigurationList;
			buildConfigurations = (
				ACFE903D1C6E89A5006BCB5F /* Debug */,
				ACFE903E1C6E89A5006BCB5F /* Release */,
			);
			defaultConfigurationIsVisible = 0;
		};
		ACFE903F1C6E89A5006BCB5F /* Build configuration list for PBXNativeTarget "GameV.01Tests" */ = {
			isa = XCConfigurationList;
			buildConfigurations = (
				ACFE90401C6E89A5006BCB5F /* Debug */,
				ACFE90411C6E89A5006BCB5F /* Release */,
			);
			defaultConfigurationIsVisible = 0;
		};
		ACFE90421C6E89A5006BCB5F /* Build configuration list for PBXNativeTarget "GameV.01UITests" */ = {
			isa = XCConfigurationList;
			buildConfigurations = (
				ACFE90431C6E89A5006BCB5F /* Debug */,
				ACFE90441C6E89A5006BCB5F /* Release */,
			);
			defaultConfigurationIsVisible = 0;
		};
/* End XCConfigurationList section */
	};
	rootObject = ACFE90081C6E89A5006BCB5F /* Project object */;
}
